
Microsoft Visual Studio Solution File, Format Version 12.00
# Visual Studio Version 16
VisualStudioVersion = 16.0.29806.167
MinimumVisualStudioVersion = 10.0.40219.1
Project("{FAE04EC0-301F-11D3-BF4B-00C04F79EFBC}") = "AlloyInDXP", "AlloyInDXP.csproj", "{40E3173A-E446-401F-913F-DF66406F5148}"
EndProject
Global
	GlobalSection(SolutionConfigurationPlatforms) = preSolution
		Debug|Any CPU = Debug|Any CPU
		Release|Any CPU = Release|Any CPU
	EndGlobalSection
	GlobalSection(ProjectConfigurationPlatforms) = postSolution
		{40E3173A-E446-401F-913F-DF66406F5148}.Debug|Any CPU.ActiveCfg = Debug|Any CPU
		{40E3173A-E446-401F-913F-DF66406F5148}.Debug|Any CPU.Build.0 = Debug|Any CPU
		{40E3173A-E446-401F-913F-DF66406F5148}.Release|Any CPU.ActiveCfg = Release|Any CPU
		{40E3173A-E446-401F-913F-DF66406F5148}.Release|Any CPU.Build.0 = Release|Any CPU
	EndGlobalSection
	GlobalSection(SolutionProperties) = preSolution
		HideSolutionNode = FALSE
	EndGlobalSection
	GlobalSection(ExtensibilityGlobals) = postSolution
		SolutionGuid = {AFE589FB-18F5-4A97-B37F-539C79BD5B86}
	EndGlobalSection
EndGlobal
